// !$*UTF8*$!
{
	archiveVersion = 1;
	classes = {
	};
	objectVersion = 50;
	objects = {

/* Begin PBXBuildFile section */
		624D61DF22C0F297001AEC16 /* ContentCaptionImageCollectionView.swift in Sources */ = {isa = PBXBuildFile; fileRef = 624D61DE22C0F297001AEC16 /* ContentCaptionImageCollectionView.swift */; };
		626B8EED22BE1ACE00C78803 /* EigthSectionCell.swift in Sources */ = {isa = PBXBuildFile; fileRef = 626B8EEC22BE1ACE00C78803 /* EigthSectionCell.swift */; };
		626B8EEF22BE1CEE00C78803 /* ContentCaptionImagePageView.swift in Sources */ = {isa = PBXBuildFile; fileRef = 626B8EEE22BE1CEE00C78803 /* ContentCaptionImagePageView.swift */; };
		626B8EF322BE588C00C78803 /* CaptionImageCell.swift in Sources */ = {isa = PBXBuildFile; fileRef = 626B8EF222BE588C00C78803 /* CaptionImageCell.swift */; };
		62C7CAB622B8D2C0004DC4DE /* NewIconLabel.swift in Sources */ = {isa = PBXBuildFile; fileRef = 62C7CAB522B8D2C0004DC4DE /* NewIconLabel.swift */; };
		62C7CAB822B8D485004DC4DE /* GradientBarView.swift in Sources */ = {isa = PBXBuildFile; fileRef = 62C7CAB722B8D485004DC4DE /* GradientBarView.swift */; };
		62C7CABC22B8D8BC004DC4DE /* CategoryCollectionView.swift in Sources */ = {isa = PBXBuildFile; fileRef = 62C7CABB22B8D8BC004DC4DE /* CategoryCollectionView.swift */; };
		62C7CABE22B8D9EE004DC4DE /* CategoryCell.swift in Sources */ = {isa = PBXBuildFile; fileRef = 62C7CABD22B8D9EE004DC4DE /* CategoryCell.swift */; };
		62C7CAC322B8EA40004DC4DE /* sukhumvitset-medium-webfont.ttf in Resources */ = {isa = PBXBuildFile; fileRef = 62C7CAC022B8EA40004DC4DE /* sukhumvitset-medium-webfont.ttf */; };
		62C7CAC422B8EA40004DC4DE /* sukhumvitset-bold-webfont.ttf in Resources */ = {isa = PBXBuildFile; fileRef = 62C7CAC122B8EA40004DC4DE /* sukhumvitset-bold-webfont.ttf */; };
		62C7CAC522B8EA40004DC4DE /* sukhumvitset-thin-webfont.ttf in Resources */ = {isa = PBXBuildFile; fileRef = 62C7CAC222B8EA40004DC4DE /* sukhumvitset-thin-webfont.ttf */; };
		62C7CAC722B8EB7A004DC4DE /* Extensions+UIFont.swift in Sources */ = {isa = PBXBuildFile; fileRef = 62C7CAC622B8EB7A004DC4DE /* Extensions+UIFont.swift */; };
		62C7CAC922B8FC79004DC4DE /* HomeTextField.swift in Sources */ = {isa = PBXBuildFile; fileRef = 62C7CAC822B8FC79004DC4DE /* HomeTextField.swift */; };
		62D2316A22BCC27B0042B92E /* ContentImageCollectionPageView.swift in Sources */ = {isa = PBXBuildFile; fileRef = 62D2316922BCC27B0042B92E /* ContentImageCollectionPageView.swift */; };
		62D2316D22BCCEBC0042B92E /* SixthSectionCell.swift in Sources */ = {isa = PBXBuildFile; fileRef = 62D2316C22BCCEBC0042B92E /* SixthSectionCell.swift */; };
		62D2316F22BCCFF80042B92E /* RecommendedBrandCollectionView.swift in Sources */ = {isa = PBXBuildFile; fileRef = 62D2316E22BCCFF80042B92E /* RecommendedBrandCollectionView.swift */; };
		62D2317122BCD2A70042B92E /* RecommendedBrandCell.swift in Sources */ = {isa = PBXBuildFile; fileRef = 62D2317022BCD2A70042B92E /* RecommendedBrandCell.swift */; };
		62D2317422BCDB870042B92E /* SeventhSectionCell.swift in Sources */ = {isa = PBXBuildFile; fileRef = 62D2317322BCDB870042B92E /* SeventhSectionCell.swift */; };
		62D2317622BCDD410042B92E /* HitRestaurantCollectionView.swift in Sources */ = {isa = PBXBuildFile; fileRef = 62D2317522BCDD410042B92E /* HitRestaurantCollectionView.swift */; };
		62D2317822BCDEC30042B92E /* HitRestaurantCell.swift in Sources */ = {isa = PBXBuildFile; fileRef = 62D2317722BCDEC30042B92E /* HitRestaurantCell.swift */; };
		62D2317A22BCE0910042B92E /* RankView.swift in Sources */ = {isa = PBXBuildFile; fileRef = 62D2317922BCE0910042B92E /* RankView.swift */; };
		62D53CA222C36A5D00D37E3B /* NinethSectionCell.swift in Sources */ = {isa = PBXBuildFile; fileRef = 62D53CA122C36A5D00D37E3B /* NinethSectionCell.swift */; };
		62D53CA522C3764A00D37E3B /* TenthSectionCell.swift in Sources */ = {isa = PBXBuildFile; fileRef = 62D53CA422C3764A00D37E3B /* TenthSectionCell.swift */; };
		62D53CA722C3A60400D37E3B /* ContentNavBarCollectionView.swift in Sources */ = {isa = PBXBuildFile; fileRef = 62D53CA622C3A60400D37E3B /* ContentNavBarCollectionView.swift */; };
		62D53CA922C3A67600D37E3B /* NavBarController.swift in Sources */ = {isa = PBXBuildFile; fileRef = 62D53CA822C3A67600D37E3B /* NavBarController.swift */; };
		62D53CAB22C3A6AF00D37E3B /* CollectionViewContainerView.swift in Sources */ = {isa = PBXBuildFile; fileRef = 62D53CAA22C3A6AF00D37E3B /* CollectionViewContainerView.swift */; };
		62D53CAD22C3A6E900D37E3B /* ContentCell.swift in Sources */ = {isa = PBXBuildFile; fileRef = 62D53CAC22C3A6E900D37E3B /* ContentCell.swift */; };
		62D53CAF22C3A70A00D37E3B /* LastContentCell.swift in Sources */ = {isa = PBXBuildFile; fileRef = 62D53CAE22C3A70A00D37E3B /* LastContentCell.swift */; };
		62E5571822BA233200B28F4F /* SecondSectionCell.swift in Sources */ = {isa = PBXBuildFile; fileRef = 62E5571722BA233200B28F4F /* SecondSectionCell.swift */; };
		62E5571A22BA272F00B28F4F /* HeaderPrivilegeCollectionView.swift in Sources */ = {isa = PBXBuildFile; fileRef = 62E5571922BA272F00B28F4F /* HeaderPrivilegeCollectionView.swift */; };
		62E5571C22BA2BA500B28F4F /* HeaderPrivilegeCell.swift in Sources */ = {isa = PBXBuildFile; fileRef = 62E5571B22BA2BA500B28F4F /* HeaderPrivilegeCell.swift */; };
		62E5571E22BA2E8300B28F4F /* BodyPrivilegeCollectionView.swift in Sources */ = {isa = PBXBuildFile; fileRef = 62E5571D22BA2E8300B28F4F /* BodyPrivilegeCollectionView.swift */; };
		62E5572022BA332800B28F4F /* BodyPrivilegeCell.swift in Sources */ = {isa = PBXBuildFile; fileRef = 62E5571F22BA332800B28F4F /* BodyPrivilegeCell.swift */; };
		62E5572322BA445300B28F4F /* ThirdSectionCell.swift in Sources */ = {isa = PBXBuildFile; fileRef = 62E5572222BA445300B28F4F /* ThirdSectionCell.swift */; };
		62E5572522BA450200B28F4F /* PromotionCollectionView.swift in Sources */ = {isa = PBXBuildFile; fileRef = 62E5572422BA450200B28F4F /* PromotionCollectionView.swift */; };
		62E5572722BA48AF00B28F4F /* PromotionCell.swift in Sources */ = {isa = PBXBuildFile; fileRef = 62E5572622BA48AF00B28F4F /* PromotionCell.swift */; };
		62E73A0C22B6254B008C68E3 /* HomeHeaderCell.swift in Sources */ = {isa = PBXBuildFile; fileRef = 62E73A0B22B6254B008C68E3 /* HomeHeaderCell.swift */; };
		62E73A0E22B6419A008C68E3 /* MenuCell.swift in Sources */ = {isa = PBXBuildFile; fileRef = 62E73A0D22B6419A008C68E3 /* MenuCell.swift */; };
		62E7978622BB82CD006C5B8C /* FourthSectionCell.swift in Sources */ = {isa = PBXBuildFile; fileRef = 62E7978522BB82CD006C5B8C /* FourthSectionCell.swift */; };
		62E7978A22BBAAB3006C5B8C /* ContentImagePageView.swift in Sources */ = {isa = PBXBuildFile; fileRef = 62E7978922BBAAB3006C5B8C /* ContentImagePageView.swift */; };
		62E7978D22BBAE02006C5B8C /* FifthSectionCell.swift in Sources */ = {isa = PBXBuildFile; fileRef = 62E7978C22BBAE02006C5B8C /* FifthSectionCell.swift */; };
		62F0DDDC22B4E37300B64388 /* AppDelegate.swift in Sources */ = {isa = PBXBuildFile; fileRef = 62F0DDDB22B4E37300B64388 /* AppDelegate.swift */; };
		62F0DDE322B4E37500B64388 /* Assets.xcassets in Resources */ = {isa = PBXBuildFile; fileRef = 62F0DDE222B4E37500B64388 /* Assets.xcassets */; };
		62F0DDE622B4E37500B64388 /* LaunchScreen.storyboard in Resources */ = {isa = PBXBuildFile; fileRef = 62F0DDE422B4E37500B64388 /* LaunchScreen.storyboard */; };
		62F0DDEF22B4E43000B64388 /* MainTabBarController.swift in Sources */ = {isa = PBXBuildFile; fileRef = 62F0DDEE22B4E43000B64388 /* MainTabBarController.swift */; };
		62F0DDF122B4EFA000B64388 /* HomeController.swift in Sources */ = {isa = PBXBuildFile; fileRef = 62F0DDF022B4EFA000B64388 /* HomeController.swift */; };
		62F0DDF422B4FC2B00B64388 /* Extensions+UIView.swift in Sources */ = {isa = PBXBuildFile; fileRef = 62F0DDF322B4FC2B00B64388 /* Extensions+UIView.swift */; };
		62F0DDF622B4FC3500B64388 /* Extensions+UIColor.swift in Sources */ = {isa = PBXBuildFile; fileRef = 62F0DDF522B4FC3500B64388 /* Extensions+UIColor.swift */; };
		62F5271022B776BD0066FD24 /* FirstSectionCell.swift in Sources */ = {isa = PBXBuildFile; fileRef = 62F5270F22B776BD0066FD24 /* FirstSectionCell.swift */; };
		62F5271422B784D90066FD24 /* NearLocationCell.swift in Sources */ = {isa = PBXBuildFile; fileRef = 62F5271322B784D90066FD24 /* NearLocationCell.swift */; };
		62F5271622B78D5D0066FD24 /* NearLandmarkLocationCell.swift in Sources */ = {isa = PBXBuildFile; fileRef = 62F5271522B78D5D0066FD24 /* NearLandmarkLocationCell.swift */; };
		62F5271A22B7A6C20066FD24 /* Extensions+Int.swift in Sources */ = {isa = PBXBuildFile; fileRef = 62F5271922B7A6C20066FD24 /* Extensions+Int.swift */; };
		62F5272022B7B7930066FD24 /* BaseHContentCollectionView.swift in Sources */ = {isa = PBXBuildFile; fileRef = 62F5271F22B7B7930066FD24 /* BaseHContentCollectionView.swift */; };
		62F5272222B7BCD00066FD24 /* NearShop_HitNearCollectionView.swift in Sources */ = {isa = PBXBuildFile; fileRef = 62F5272122B7BCD00066FD24 /* NearShop_HitNearCollectionView.swift */; };
		62F5272722B7C05D0066FD24 /* DontMissCollectionView.swift in Sources */ = {isa = PBXBuildFile; fileRef = 62F5272622B7C05D0066FD24 /* DontMissCollectionView.swift */; };
		62F5272922B7C1CC0066FD24 /* DontMissLocationCell.swift in Sources */ = {isa = PBXBuildFile; fileRef = 62F5272822B7C1CC0066FD24 /* DontMissLocationCell.swift */; };
/* End PBXBuildFile section */

/* Begin PBXFileReference section */
		624D61DE22C0F297001AEC16 /* ContentCaptionImageCollectionView.swift */ = {isa = PBXFileReference; fileEncoding = 4; lastKnownFileType = sourcecode.swift; path = ContentCaptionImageCollectionView.swift; sourceTree = "<group>"; };
		626B8EEC22BE1ACE00C78803 /* EigthSectionCell.swift */ = {isa = PBXFileReference; lastKnownFileType = sourcecode.swift; path = EigthSectionCell.swift; sourceTree = "<group>"; };
		626B8EEE22BE1CEE00C78803 /* ContentCaptionImagePageView.swift */ = {isa = PBXFileReference; lastKnownFileType = sourcecode.swift; path = ContentCaptionImagePageView.swift; sourceTree = "<group>"; };
		626B8EF222BE588C00C78803 /* CaptionImageCell.swift */ = {isa = PBXFileReference; lastKnownFileType = sourcecode.swift; path = CaptionImageCell.swift; sourceTree = "<group>"; };
		62C7CAB522B8D2C0004DC4DE /* NewIconLabel.swift */ = {isa = PBXFileReference; lastKnownFileType = sourcecode.swift; path = NewIconLabel.swift; sourceTree = "<group>"; };
		62C7CAB722B8D485004DC4DE /* GradientBarView.swift */ = {isa = PBXFileReference; lastKnownFileType = sourcecode.swift; path = GradientBarView.swift; sourceTree = "<group>"; };
		62C7CABB22B8D8BC004DC4DE /* CategoryCollectionView.swift */ = {isa = PBXFileReference; lastKnownFileType = sourcecode.swift; path = CategoryCollectionView.swift; sourceTree = "<group>"; };
		62C7CABD22B8D9EE004DC4DE /* CategoryCell.swift */ = {isa = PBXFileReference; lastKnownFileType = sourcecode.swift; path = CategoryCell.swift; sourceTree = "<group>"; };
		62C7CAC022B8EA40004DC4DE /* sukhumvitset-medium-webfont.ttf */ = {isa = PBXFileReference; lastKnownFileType = file; path = "sukhumvitset-medium-webfont.ttf"; sourceTree = "<group>"; };
		62C7CAC122B8EA40004DC4DE /* sukhumvitset-bold-webfont.ttf */ = {isa = PBXFileReference; lastKnownFileType = file; path = "sukhumvitset-bold-webfont.ttf"; sourceTree = "<group>"; };
		62C7CAC222B8EA40004DC4DE /* sukhumvitset-thin-webfont.ttf */ = {isa = PBXFileReference; lastKnownFileType = file; path = "sukhumvitset-thin-webfont.ttf"; sourceTree = "<group>"; };
		62C7CAC622B8EB7A004DC4DE /* Extensions+UIFont.swift */ = {isa = PBXFileReference; lastKnownFileType = sourcecode.swift; path = "Extensions+UIFont.swift"; sourceTree = "<group>"; };
		62C7CAC822B8FC79004DC4DE /* HomeTextField.swift */ = {isa = PBXFileReference; lastKnownFileType = sourcecode.swift; path = HomeTextField.swift; sourceTree = "<group>"; };
		62D2316922BCC27B0042B92E /* ContentImageCollectionPageView.swift */ = {isa = PBXFileReference; fileEncoding = 4; lastKnownFileType = sourcecode.swift; path = ContentImageCollectionPageView.swift; sourceTree = "<group>"; };
		62D2316C22BCCEBC0042B92E /* SixthSectionCell.swift */ = {isa = PBXFileReference; lastKnownFileType = sourcecode.swift; path = SixthSectionCell.swift; sourceTree = "<group>"; };
		62D2316E22BCCFF80042B92E /* RecommendedBrandCollectionView.swift */ = {isa = PBXFileReference; lastKnownFileType = sourcecode.swift; path = RecommendedBrandCollectionView.swift; sourceTree = "<group>"; };
		62D2317022BCD2A70042B92E /* RecommendedBrandCell.swift */ = {isa = PBXFileReference; lastKnownFileType = sourcecode.swift; path = RecommendedBrandCell.swift; sourceTree = "<group>"; };
		62D2317322BCDB870042B92E /* SeventhSectionCell.swift */ = {isa = PBXFileReference; lastKnownFileType = sourcecode.swift; path = SeventhSectionCell.swift; sourceTree = "<group>"; };
		62D2317522BCDD410042B92E /* HitRestaurantCollectionView.swift */ = {isa = PBXFileReference; lastKnownFileType = sourcecode.swift; path = HitRestaurantCollectionView.swift; sourceTree = "<group>"; };
		62D2317722BCDEC30042B92E /* HitRestaurantCell.swift */ = {isa = PBXFileReference; lastKnownFileType = sourcecode.swift; path = HitRestaurantCell.swift; sourceTree = "<group>"; };
		62D2317922BCE0910042B92E /* RankView.swift */ = {isa = PBXFileReference; lastKnownFileType = sourcecode.swift; path = RankView.swift; sourceTree = "<group>"; };
		62D53CA122C36A5D00D37E3B /* NinethSectionCell.swift */ = {isa = PBXFileReference; lastKnownFileType = sourcecode.swift; path = NinethSectionCell.swift; sourceTree = "<group>"; };
		62D53CA422C3764A00D37E3B /* TenthSectionCell.swift */ = {isa = PBXFileReference; lastKnownFileType = sourcecode.swift; path = TenthSectionCell.swift; sourceTree = "<group>"; };
		62D53CA622C3A60400D37E3B /* ContentNavBarCollectionView.swift */ = {isa = PBXFileReference; lastKnownFileType = sourcecode.swift; path = ContentNavBarCollectionView.swift; sourceTree = "<group>"; };
		62D53CA822C3A67600D37E3B /* NavBarController.swift */ = {isa = PBXFileReference; lastKnownFileType = sourcecode.swift; path = NavBarController.swift; sourceTree = "<group>"; };
		62D53CAA22C3A6AF00D37E3B /* CollectionViewContainerView.swift */ = {isa = PBXFileReference; lastKnownFileType = sourcecode.swift; path = CollectionViewContainerView.swift; sourceTree = "<group>"; };
		62D53CAC22C3A6E900D37E3B /* ContentCell.swift */ = {isa = PBXFileReference; lastKnownFileType = sourcecode.swift; path = ContentCell.swift; sourceTree = "<group>"; };
		62D53CAE22C3A70A00D37E3B /* LastContentCell.swift */ = {isa = PBXFileReference; lastKnownFileType = sourcecode.swift; path = LastContentCell.swift; sourceTree = "<group>"; };
		62E5571722BA233200B28F4F /* SecondSectionCell.swift */ = {isa = PBXFileReference; lastKnownFileType = sourcecode.swift; path = SecondSectionCell.swift; sourceTree = "<group>"; };
		62E5571922BA272F00B28F4F /* HeaderPrivilegeCollectionView.swift */ = {isa = PBXFileReference; lastKnownFileType = sourcecode.swift; path = HeaderPrivilegeCollectionView.swift; sourceTree = "<group>"; };
		62E5571B22BA2BA500B28F4F /* HeaderPrivilegeCell.swift */ = {isa = PBXFileReference; lastKnownFileType = sourcecode.swift; path = HeaderPrivilegeCell.swift; sourceTree = "<group>"; };
		62E5571D22BA2E8300B28F4F /* BodyPrivilegeCollectionView.swift */ = {isa = PBXFileReference; lastKnownFileType = sourcecode.swift; path = BodyPrivilegeCollectionView.swift; sourceTree = "<group>"; };
		62E5571F22BA332800B28F4F /* BodyPrivilegeCell.swift */ = {isa = PBXFileReference; lastKnownFileType = sourcecode.swift; path = BodyPrivilegeCell.swift; sourceTree = "<group>"; };
		62E5572222BA445300B28F4F /* ThirdSectionCell.swift */ = {isa = PBXFileReference; lastKnownFileType = sourcecode.swift; path = ThirdSectionCell.swift; sourceTree = "<group>"; };
		62E5572422BA450200B28F4F /* PromotionCollectionView.swift */ = {isa = PBXFileReference; lastKnownFileType = sourcecode.swift; path = PromotionCollectionView.swift; sourceTree = "<group>"; };
		62E5572622BA48AF00B28F4F /* PromotionCell.swift */ = {isa = PBXFileReference; lastKnownFileType = sourcecode.swift; path = PromotionCell.swift; sourceTree = "<group>"; };
		62E73A0B22B6254B008C68E3 /* HomeHeaderCell.swift */ = {isa = PBXFileReference; lastKnownFileType = sourcecode.swift; path = HomeHeaderCell.swift; sourceTree = "<group>"; };
		62E73A0D22B6419A008C68E3 /* MenuCell.swift */ = {isa = PBXFileReference; lastKnownFileType = sourcecode.swift; path = MenuCell.swift; sourceTree = "<group>"; };
		62E7978522BB82CD006C5B8C /* FourthSectionCell.swift */ = {isa = PBXFileReference; lastKnownFileType = sourcecode.swift; path = FourthSectionCell.swift; sourceTree = "<group>"; };
		62E7978922BBAAB3006C5B8C /* ContentImagePageView.swift */ = {isa = PBXFileReference; fileEncoding = 4; lastKnownFileType = sourcecode.swift; path = ContentImagePageView.swift; sourceTree = "<group>"; };
		62E7978C22BBAE02006C5B8C /* FifthSectionCell.swift */ = {isa = PBXFileReference; lastKnownFileType = sourcecode.swift; path = FifthSectionCell.swift; sourceTree = "<group>"; };
		62F0DDD822B4E37300B64388 /* Wongnai.app */ = {isa = PBXFileReference; explicitFileType = wrapper.application; includeInIndex = 0; path = Wongnai.app; sourceTree = BUILT_PRODUCTS_DIR; };
		62F0DDDB22B4E37300B64388 /* AppDelegate.swift */ = {isa = PBXFileReference; lastKnownFileType = sourcecode.swift; path = AppDelegate.swift; sourceTree = "<group>"; };
		62F0DDE222B4E37500B64388 /* Assets.xcassets */ = {isa = PBXFileReference; lastKnownFileType = folder.assetcatalog; path = Assets.xcassets; sourceTree = "<group>"; };
		62F0DDE522B4E37500B64388 /* Base */ = {isa = PBXFileReference; lastKnownFileType = file.storyboard; name = Base; path = Base.lproj/LaunchScreen.storyboard; sourceTree = "<group>"; };
		62F0DDE722B4E37500B64388 /* Info.plist */ = {isa = PBXFileReference; lastKnownFileType = text.plist.xml; path = Info.plist; sourceTree = "<group>"; };
		62F0DDEE22B4E43000B64388 /* MainTabBarController.swift */ = {isa = PBXFileReference; lastKnownFileType = sourcecode.swift; path = MainTabBarController.swift; sourceTree = "<group>"; };
		62F0DDF022B4EFA000B64388 /* HomeController.swift */ = {isa = PBXFileReference; lastKnownFileType = sourcecode.swift; path = HomeController.swift; sourceTree = "<group>"; };
		62F0DDF322B4FC2B00B64388 /* Extensions+UIView.swift */ = {isa = PBXFileReference; fileEncoding = 4; lastKnownFileType = sourcecode.swift; path = "Extensions+UIView.swift"; sourceTree = "<group>"; };
		62F0DDF522B4FC3500B64388 /* Extensions+UIColor.swift */ = {isa = PBXFileReference; fileEncoding = 4; lastKnownFileType = sourcecode.swift; path = "Extensions+UIColor.swift"; sourceTree = "<group>"; };
		62F5270F22B776BD0066FD24 /* FirstSectionCell.swift */ = {isa = PBXFileReference; lastKnownFileType = sourcecode.swift; path = FirstSectionCell.swift; sourceTree = "<group>"; };
		62F5271322B784D90066FD24 /* NearLocationCell.swift */ = {isa = PBXFileReference; lastKnownFileType = sourcecode.swift; path = NearLocationCell.swift; sourceTree = "<group>"; };
		62F5271522B78D5D0066FD24 /* NearLandmarkLocationCell.swift */ = {isa = PBXFileReference; lastKnownFileType = sourcecode.swift; path = NearLandmarkLocationCell.swift; sourceTree = "<group>"; };
		62F5271922B7A6C20066FD24 /* Extensions+Int.swift */ = {isa = PBXFileReference; lastKnownFileType = sourcecode.swift; path = "Extensions+Int.swift"; sourceTree = "<group>"; };
		62F5271F22B7B7930066FD24 /* BaseHContentCollectionView.swift */ = {isa = PBXFileReference; lastKnownFileType = sourcecode.swift; path = BaseHContentCollectionView.swift; sourceTree = "<group>"; };
		62F5272122B7BCD00066FD24 /* NearShop_HitNearCollectionView.swift */ = {isa = PBXFileReference; fileEncoding = 4; lastKnownFileType = sourcecode.swift; path = NearShop_HitNearCollectionView.swift; sourceTree = "<group>"; };
		62F5272622B7C05D0066FD24 /* DontMissCollectionView.swift */ = {isa = PBXFileReference; lastKnownFileType = sourcecode.swift; path = DontMissCollectionView.swift; sourceTree = "<group>"; };
		62F5272822B7C1CC0066FD24 /* DontMissLocationCell.swift */ = {isa = PBXFileReference; lastKnownFileType = sourcecode.swift; path = DontMissLocationCell.swift; sourceTree = "<group>"; };
/* End PBXFileReference section */

/* Begin PBXFrameworksBuildPhase section */
		62F0DDD522B4E37300B64388 /* Frameworks */ = {
			isa = PBXFrameworksBuildPhase;
			buildActionMask = 2147483647;
			files = (
			);
			runOnlyForDeploymentPostprocessing = 0;
		};
/* End PBXFrameworksBuildPhase section */

/* Begin PBXGroup section */
		626B8EEB22BE1AB800C78803 /* EigthSection */ = {
			isa = PBXGroup;
			children = (
				624D61DE22C0F297001AEC16 /* ContentCaptionImageCollectionView.swift */,
				626B8EEC22BE1ACE00C78803 /* EigthSectionCell.swift */,
				626B8EEE22BE1CEE00C78803 /* ContentCaptionImagePageView.swift */,
				626B8EF222BE588C00C78803 /* CaptionImageCell.swift */,
			);
			path = EigthSection;
			sourceTree = "<group>";
		};
		62C7CABA22B8D894004DC4DE /* Category */ = {
			isa = PBXGroup;
			children = (
				62C7CABB22B8D8BC004DC4DE /* CategoryCollectionView.swift */,
				62C7CABD22B8D9EE004DC4DE /* CategoryCell.swift */,
			);
			path = Category;
			sourceTree = "<group>";
		};
		62C7CABF22B8EA2A004DC4DE /* Fonts */ = {
			isa = PBXGroup;
			children = (
				62C7CAC122B8EA40004DC4DE /* sukhumvitset-bold-webfont.ttf */,
				62C7CAC022B8EA40004DC4DE /* sukhumvitset-medium-webfont.ttf */,
				62C7CAC222B8EA40004DC4DE /* sukhumvitset-thin-webfont.ttf */,
			);
			path = Fonts;
			sourceTree = "<group>";
		};
		62D2316B22BCCE920042B92E /* SixthSection */ = {
			isa = PBXGroup;
			children = (
				62D2316C22BCCEBC0042B92E /* SixthSectionCell.swift */,
				62D2316E22BCCFF80042B92E /* RecommendedBrandCollectionView.swift */,
				62D2317022BCD2A70042B92E /* RecommendedBrandCell.swift */,
			);
			path = SixthSection;
			sourceTree = "<group>";
		};
		62D2317222BCDB730042B92E /* SeventhSection */ = {
			isa = PBXGroup;
			children = (
				62D2317322BCDB870042B92E /* SeventhSectionCell.swift */,
				62D2317522BCDD410042B92E /* HitRestaurantCollectionView.swift */,
				62D2317722BCDEC30042B92E /* HitRestaurantCell.swift */,
				62D2317922BCE0910042B92E /* RankView.swift */,
			);
			path = SeventhSection;
			sourceTree = "<group>";
		};
		62D53CA022C36A3C00D37E3B /* NinethSection */ = {
			isa = PBXGroup;
			children = (
				62D53CA122C36A5D00D37E3B /* NinethSectionCell.swift */,
			);
			path = NinethSection;
			sourceTree = "<group>";
		};
		62D53CA322C3763300D37E3B /* TenthSection */ = {
			isa = PBXGroup;
			children = (
				62D53CA422C3764A00D37E3B /* TenthSectionCell.swift */,
				62D53CA622C3A60400D37E3B /* ContentNavBarCollectionView.swift */,
				62D53CA822C3A67600D37E3B /* NavBarController.swift */,
				62D53CAA22C3A6AF00D37E3B /* CollectionViewContainerView.swift */,
				62D53CAC22C3A6E900D37E3B /* ContentCell.swift */,
				62D53CAE22C3A70A00D37E3B /* LastContentCell.swift */,
			);
			path = TenthSection;
			sourceTree = "<group>";
		};
		62E5571622BA231500B28F4F /* SecondSection */ = {
			isa = PBXGroup;
			children = (
				62E5571722BA233200B28F4F /* SecondSectionCell.swift */,
				62E5571922BA272F00B28F4F /* HeaderPrivilegeCollectionView.swift */,
				62E5571B22BA2BA500B28F4F /* HeaderPrivilegeCell.swift */,
				62E5571D22BA2E8300B28F4F /* BodyPrivilegeCollectionView.swift */,
				62E5571F22BA332800B28F4F /* BodyPrivilegeCell.swift */,
			);
			path = SecondSection;
			sourceTree = "<group>";
		};
		62E5572122BA411500B28F4F /* ThirdSection */ = {
			isa = PBXGroup;
			children = (
				62E5572222BA445300B28F4F /* ThirdSectionCell.swift */,
				62E5572422BA450200B28F4F /* PromotionCollectionView.swift */,
				62E5572622BA48AF00B28F4F /* PromotionCell.swift */,
			);
			path = ThirdSection;
			sourceTree = "<group>";
		};
		62E73A0A22B62535008C68E3 /* Views */ = {
			isa = PBXGroup;
			children = (
				62D53CA322C3763300D37E3B /* TenthSection */,
				62D53CA022C36A3C00D37E3B /* NinethSection */,
				626B8EEB22BE1AB800C78803 /* EigthSection */,
				62D2317222BCDB730042B92E /* SeventhSection */,
				62D2316B22BCCE920042B92E /* SixthSection */,
				62E7978B22BBADF0006C5B8C /* FifthSection */,
				62E7978422BB82BA006C5B8C /* FourthSection */,
				62E5572122BA411500B28F4F /* ThirdSection */,
				62E5571622BA231500B28F4F /* SecondSection */,
				62F5271822B790FD0066FD24 /* FirstSection */,
				62F5271722B790E80066FD24 /* HomeHeader */,
			);
			path = Views;
			sourceTree = "<group>";
		};
		62E7978422BB82BA006C5B8C /* FourthSection */ = {
			isa = PBXGroup;
			children = (
				62E7978922BBAAB3006C5B8C /* ContentImagePageView.swift */,
				62E7978522BB82CD006C5B8C /* FourthSectionCell.swift */,
			);
			path = FourthSection;
			sourceTree = "<group>";
		};
		62E7978B22BBADF0006C5B8C /* FifthSection */ = {
			isa = PBXGroup;
			children = (
				62D2316922BCC27B0042B92E /* ContentImageCollectionPageView.swift */,
				62E7978C22BBAE02006C5B8C /* FifthSectionCell.swift */,
			);
			path = FifthSection;
			sourceTree = "<group>";
		};
		62F0DDCF22B4E37300B64388 = {
			isa = PBXGroup;
			children = (
				62F0DDDA22B4E37300B64388 /* Wongnai */,
				62F0DDD922B4E37300B64388 /* Products */,
			);
			sourceTree = "<group>";
		};
		62F0DDD922B4E37300B64388 /* Products */ = {
			isa = PBXGroup;
			children = (
				62F0DDD822B4E37300B64388 /* Wongnai.app */,
			);
			name = Products;
			sourceTree = "<group>";
		};
		62F0DDDA22B4E37300B64388 /* Wongnai */ = {
			isa = PBXGroup;
			children = (
				62C7CABF22B8EA2A004DC4DE /* Fonts */,
				62E73A0A22B62535008C68E3 /* Views */,
				62F0DDF222B4FBEE00B64388 /* Extensions */,
				62F0DDED22B4E41900B64388 /* Controllers */,
				62F0DDDB22B4E37300B64388 /* AppDelegate.swift */,
				62F0DDE222B4E37500B64388 /* Assets.xcassets */,
				62F0DDE422B4E37500B64388 /* LaunchScreen.storyboard */,
				62F0DDE722B4E37500B64388 /* Info.plist */,
			);
			path = Wongnai;
			sourceTree = "<group>";
		};
		62F0DDED22B4E41900B64388 /* Controllers */ = {
			isa = PBXGroup;
			children = (
				62F0DDEE22B4E43000B64388 /* MainTabBarController.swift */,
				62F0DDF022B4EFA000B64388 /* HomeController.swift */,
			);
			path = Controllers;
			sourceTree = "<group>";
		};
		62F0DDF222B4FBEE00B64388 /* Extensions */ = {
			isa = PBXGroup;
			children = (
				62F0DDF522B4FC3500B64388 /* Extensions+UIColor.swift */,
				62F0DDF322B4FC2B00B64388 /* Extensions+UIView.swift */,
				62F5271922B7A6C20066FD24 /* Extensions+Int.swift */,
				62C7CAC622B8EB7A004DC4DE /* Extensions+UIFont.swift */,
			);
			path = Extensions;
			sourceTree = "<group>";
		};
		62F5271722B790E80066FD24 /* HomeHeader */ = {
			isa = PBXGroup;
			children = (
				62E73A0B22B6254B008C68E3 /* HomeHeaderCell.swift */,
				62E73A0D22B6419A008C68E3 /* MenuCell.swift */,
				62C7CAC822B8FC79004DC4DE /* HomeTextField.swift */,
			);
			path = HomeHeader;
			sourceTree = "<group>";
		};
		62F5271822B790FD0066FD24 /* FirstSection */ = {
			isa = PBXGroup;
			children = (
				62C7CABA22B8D894004DC4DE /* Category */,
				62F5272522B7BED50066FD24 /* DontMiss */,
				62F5272322B7BD2D0066FD24 /* NearShop_HitNear */,
				62F5270F22B776BD0066FD24 /* FirstSectionCell.swift */,
				62F5271F22B7B7930066FD24 /* BaseHContentCollectionView.swift */,
				62C7CAB522B8D2C0004DC4DE /* NewIconLabel.swift */,
			);
			path = FirstSection;
			sourceTree = "<group>";
		};
		62F5272322B7BD2D0066FD24 /* NearShop_HitNear */ = {
			isa = PBXGroup;
			children = (
				62F5272122B7BCD00066FD24 /* NearShop_HitNearCollectionView.swift */,
				62F5271322B784D90066FD24 /* NearLocationCell.swift */,
				62F5271522B78D5D0066FD24 /* NearLandmarkLocationCell.swift */,
			);
			path = NearShop_HitNear;
			sourceTree = "<group>";
		};
		62F5272522B7BED50066FD24 /* DontMiss */ = {
			isa = PBXGroup;
			children = (
				62F5272622B7C05D0066FD24 /* DontMissCollectionView.swift */,
				62F5272822B7C1CC0066FD24 /* DontMissLocationCell.swift */,
				62C7CAB722B8D485004DC4DE /* GradientBarView.swift */,
			);
			path = DontMiss;
			sourceTree = "<group>";
		};
/* End PBXGroup section */

/* Begin PBXNativeTarget section */
		62F0DDD722B4E37300B64388 /* Wongnai */ = {
			isa = PBXNativeTarget;
			buildConfigurationList = 62F0DDEA22B4E37500B64388 /* Build configuration list for PBXNativeTarget "Wongnai" */;
			buildPhases = (
				62F0DDD422B4E37300B64388 /* Sources */,
				62F0DDD522B4E37300B64388 /* Frameworks */,
				62F0DDD622B4E37300B64388 /* Resources */,
			);
			buildRules = (
			);
			dependencies = (
			);
			name = Wongnai;
			productName = Wongnai;
			productReference = 62F0DDD822B4E37300B64388 /* Wongnai.app */;
			productType = "com.apple.product-type.application";
		};
/* End PBXNativeTarget section */

/* Begin PBXProject section */
		62F0DDD022B4E37300B64388 /* Project object */ = {
			isa = PBXProject;
			attributes = {
				LastSwiftUpdateCheck = 1020;
				LastUpgradeCheck = 1020;
				ORGANIZATIONNAME = "punyawee jaroentao";
				TargetAttributes = {
					62F0DDD722B4E37300B64388 = {
						CreatedOnToolsVersion = 10.2.1;
					};
				};
			};
			buildConfigurationList = 62F0DDD322B4E37300B64388 /* Build configuration list for PBXProject "Wongnai" */;
			compatibilityVersion = "Xcode 9.3";
			developmentRegion = en;
			hasScannedForEncodings = 0;
			knownRegions = (
				en,
				Base,
			);
			mainGroup = 62F0DDCF22B4E37300B64388;
			productRefGroup = 62F0DDD922B4E37300B64388 /* Products */;
			projectDirPath = "";
			projectRoot = "";
			targets = (
				62F0DDD722B4E37300B64388 /* Wongnai */,
			);
		};
/* End PBXProject section */

/* Begin PBXResourcesBuildPhase section */
		62F0DDD622B4E37300B64388 /* Resources */ = {
			isa = PBXResourcesBuildPhase;
			buildActionMask = 2147483647;
			files = (
				62C7CAC522B8EA40004DC4DE /* sukhumvitset-thin-webfont.ttf in Resources */,
				62C7CAC322B8EA40004DC4DE /* sukhumvitset-medium-webfont.ttf in Resources */,
				62C7CAC422B8EA40004DC4DE /* sukhumvitset-bold-webfont.ttf in Resources */,
				62F0DDE622B4E37500B64388 /* LaunchScreen.storyboard in Resources */,
				62F0DDE322B4E37500B64388 /* Assets.xcassets in Resources */,
			);
			runOnlyForDeploymentPostprocessing = 0;
		};
/* End PBXResourcesBuildPhase section */

/* Begin PBXSourcesBuildPhase section */
		62F0DDD422B4E37300B64388 /* Sources */ = {
			isa = PBXSourcesBuildPhase;
			buildActionMask = 2147483647;
			files = (
				62D53CA222C36A5D00D37E3B /* NinethSectionCell.swift in Sources */,
				62D53CAB22C3A6AF00D37E3B /* CollectionViewContainerView.swift in Sources */,
				62E7978A22BBAAB3006C5B8C /* ContentImagePageView.swift in Sources */,
				62C7CAB622B8D2C0004DC4DE /* NewIconLabel.swift in Sources */,
				62C7CABE22B8D9EE004DC4DE /* CategoryCell.swift in Sources */,
				62E5571A22BA272F00B28F4F /* HeaderPrivilegeCollectionView.swift in Sources */,
				62D53CA522C3764A00D37E3B /* TenthSectionCell.swift in Sources */,
				62D2317422BCDB870042B92E /* SeventhSectionCell.swift in Sources */,
				62E73A0E22B6419A008C68E3 /* MenuCell.swift in Sources */,
				62F5272022B7B7930066FD24 /* BaseHContentCollectionView.swift in Sources */,
				62F0DDEF22B4E43000B64388 /* MainTabBarController.swift in Sources */,
				62F5272922B7C1CC0066FD24 /* DontMissLocationCell.swift in Sources */,
				62E73A0C22B6254B008C68E3 /* HomeHeaderCell.swift in Sources */,
				62F0DDDC22B4E37300B64388 /* AppDelegate.swift in Sources */,
				62E5572722BA48AF00B28F4F /* PromotionCell.swift in Sources */,
				62C7CAC922B8FC79004DC4DE /* HomeTextField.swift in Sources */,
				62E5572522BA450200B28F4F /* PromotionCollectionView.swift in Sources */,
				62F5272222B7BCD00066FD24 /* NearShop_HitNearCollectionView.swift in Sources */,
				626B8EED22BE1ACE00C78803 /* EigthSectionCell.swift in Sources */,
				62D2317622BCDD410042B92E /* HitRestaurantCollectionView.swift in Sources */,
				62D2317A22BCE0910042B92E /* RankView.swift in Sources */,
				626B8EEF22BE1CEE00C78803 /* ContentCaptionImagePageView.swift in Sources */,
				62D2316A22BCC27B0042B92E /* ContentImageCollectionPageView.swift in Sources */,
				62E7978622BB82CD006C5B8C /* FourthSectionCell.swift in Sources */,
				62F0DDF422B4FC2B00B64388 /* Extensions+UIView.swift in Sources */,
				62D53CAF22C3A70A00D37E3B /* LastContentCell.swift in Sources */,
				62E5571E22BA2E8300B28F4F /* BodyPrivilegeCollectionView.swift in Sources */,
				62D2316F22BCCFF80042B92E /* RecommendedBrandCollectionView.swift in Sources */,
				62E5571C22BA2BA500B28F4F /* HeaderPrivilegeCell.swift in Sources */,
				62F5271622B78D5D0066FD24 /* NearLandmarkLocationCell.swift in Sources */,
				62D53CA722C3A60400D37E3B /* ContentNavBarCollectionView.swift in Sources */,
				62D2316D22BCCEBC0042B92E /* SixthSectionCell.swift in Sources */,
				62F5271422B784D90066FD24 /* NearLocationCell.swift in Sources */,
				62D53CA922C3A67600D37E3B /* NavBarController.swift in Sources */,
				62D2317122BCD2A70042B92E /* RecommendedBrandCell.swift in Sources */,
				624D61DF22C0F297001AEC16 /* ContentCaptionImageCollectionView.swift in Sources */,
				62F5272722B7C05D0066FD24 /* DontMissCollectionView.swift in Sources */,
				62E5572022BA332800B28F4F /* BodyPrivilegeCell.swift in Sources */,
				62F0DDF122B4EFA000B64388 /* HomeController.swift in Sources */,
				626B8EF322BE588C00C78803 /* CaptionImageCell.swift in Sources */,
				62E7978D22BBAE02006C5B8C /* FifthSectionCell.swift in Sources */,
				62C7CAC722B8EB7A004DC4DE /* Extensions+UIFont.swift in Sources */,
				62F5271A22B7A6C20066FD24 /* Extensions+Int.swift in Sources */,
				62D2317822BCDEC30042B92E /* HitRestaurantCell.swift in Sources */,
				62E5572322BA445300B28F4F /* ThirdSectionCell.swift in Sources */,
				62C7CABC22B8D8BC004DC4DE /* CategoryCollectionView.swift in Sources */,
				62F5271022B776BD0066FD24 /* FirstSectionCell.swift in Sources */,
				62E5571822BA233200B28F4F /* SecondSectionCell.swift in Sources */,
				62D53CAD22C3A6E900D37E3B /* ContentCell.swift in Sources */,
				62C7CAB822B8D485004DC4DE /* GradientBarView.swift in Sources */,
				62F0DDF622B4FC3500B64388 /* Extensions+UIColor.swift in Sources */,
			);
			runOnlyForDeploymentPostprocessing = 0;
		};
/* End PBXSourcesBuildPhase section */

/* Begin PBXVariantGroup section */
		62F0DDE422B4E37500B64388 /* LaunchScreen.storyboard */ = {
			isa = PBXVariantGroup;
			children = (
				62F0DDE522B4E37500B64388 /* Base */,
			);
			name = LaunchScreen.storyboard;
			sourceTree = "<group>";
		};
/* End PBXVariantGroup section */

/* Begin XCBuildConfiguration section */
		62F0DDE822B4E37500B64388 /* Debug */ = {
			isa = XCBuildConfiguration;
			buildSettings = {
				ALWAYS_SEARCH_USER_PATHS = NO;
				CLANG_ANALYZER_NONNULL = YES;
				CLANG_ANALYZER_NUMBER_OBJECT_CONVERSION = YES_AGGRESSIVE;
				CLANG_CXX_LANGUAGE_STANDARD = "gnu++14";
				CLANG_CXX_LIBRARY = "libc++";
				CLANG_ENABLE_MODULES = YES;
				CLANG_ENABLE_OBJC_ARC = YES;
				CLANG_ENABLE_OBJC_WEAK = YES;
				CLANG_WARN_BLOCK_CAPTURE_AUTORELEASING = YES;
				CLANG_WARN_BOOL_CONVERSION = YES;
				CLANG_WARN_COMMA = YES;
				CLANG_WARN_CONSTANT_CONVERSION = YES;
				CLANG_WARN_DEPRECATED_OBJC_IMPLEMENTATIONS = YES;
				CLANG_WARN_DIRECT_OBJC_ISA_USAGE = YES_ERROR;
				CLANG_WARN_DOCUMENTATION_COMMENTS = YES;
				CLANG_WARN_EMPTY_BODY = YES;
				CLANG_WARN_ENUM_CONVERSION = YES;
				CLANG_WARN_INFINITE_RECURSION = YES;
				CLANG_WARN_INT_CONVERSION = YES;
				CLANG_WARN_NON_LITERAL_NULL_CONVERSION = YES;
				CLANG_WARN_OBJC_IMPLICIT_RETAIN_SELF = YES;
				CLANG_WARN_OBJC_LITERAL_CONVERSION = YES;
				CLANG_WARN_OBJC_ROOT_CLASS = YES_ERROR;
				CLANG_WARN_RANGE_LOOP_ANALYSIS = YES;
				CLANG_WARN_STRICT_PROTOTYPES = YES;
				CLANG_WARN_SUSPICIOUS_MOVE = YES;
				CLANG_WARN_UNGUARDED_AVAILABILITY = YES_AGGRESSIVE;
				CLANG_WARN_UNREACHABLE_CODE = YES;
				CLANG_WARN__DUPLICATE_METHOD_MATCH = YES;
				CODE_SIGN_IDENTITY = "iPhone Developer";
				COPY_PHASE_STRIP = NO;
				DEBUG_INFORMATION_FORMAT = dwarf;
				ENABLE_STRICT_OBJC_MSGSEND = YES;
				ENABLE_TESTABILITY = YES;
				GCC_C_LANGUAGE_STANDARD = gnu11;
				GCC_DYNAMIC_NO_PIC = NO;
				GCC_NO_COMMON_BLOCKS = YES;
				GCC_OPTIMIZATION_LEVEL = 0;
				GCC_PREPROCESSOR_DEFINITIONS = (
					"DEBUG=1",
					"$(inherited)",
				);
				GCC_WARN_64_TO_32_BIT_CONVERSION = YES;
				GCC_WARN_ABOUT_RETURN_TYPE = YES_ERROR;
				GCC_WARN_UNDECLARED_SELECTOR = YES;
				GCC_WARN_UNINITIALIZED_AUTOS = YES_AGGRESSIVE;
				GCC_WARN_UNUSED_FUNCTION = YES;
				GCC_WARN_UNUSED_VARIABLE = YES;
				IPHONEOS_DEPLOYMENT_TARGET = 12.2;
				MTL_ENABLE_DEBUG_INFO = INCLUDE_SOURCE;
				MTL_FAST_MATH = YES;
				ONLY_ACTIVE_ARCH = YES;
				SDKROOT = iphoneos;
				SWIFT_ACTIVE_COMPILATION_CONDITIONS = DEBUG;
				SWIFT_OPTIMIZATION_LEVEL = "-Onone";
			};
			name = Debug;
		};
		62F0DDE922B4E37500B64388 /* Release */ = {
			isa = XCBuildConfiguration;
			buildSettings = {
				ALWAYS_SEARCH_USER_PATHS = NO;
				CLANG_ANALYZER_NONNULL = YES;
				CLANG_ANALYZER_NUMBER_OBJECT_CONVERSION = YES_AGGRESSIVE;
				CLANG_CXX_LANGUAGE_STANDARD = "gnu++14";
				CLANG_CXX_LIBRARY = "libc++";
				CLANG_ENABLE_MODULES = YES;
				CLANG_ENABLE_OBJC_ARC = YES;
				CLANG_ENABLE_OBJC_WEAK = YES;
				CLANG_WARN_BLOCK_CAPTURE_AUTORELEASING = YES;
				CLANG_WARN_BOOL_CONVERSION = YES;
				CLANG_WARN_COMMA = YES;
				CLANG_WARN_CONSTANT_CONVERSION = YES;
				CLANG_WARN_DEPRECATED_OBJC_IMPLEMENTATIONS = YES;
				CLANG_WARN_DIRECT_OBJC_ISA_USAGE = YES_ERROR;
				CLANG_WARN_DOCUMENTATION_COMMENTS = YES;
				CLANG_WARN_EMPTY_BODY = YES;
				CLANG_WARN_ENUM_CONVERSION = YES;
				CLANG_WARN_INFINITE_RECURSION = YES;
				CLANG_WARN_INT_CONVERSION = YES;
				CLANG_WARN_NON_LITERAL_NULL_CONVERSION = YES;
				CLANG_WARN_OBJC_IMPLICIT_RETAIN_SELF = YES;
				CLANG_WARN_OBJC_LITERAL_CONVERSION = YES;
				CLANG_WARN_OBJC_ROOT_CLASS = YES_ERROR;
				CLANG_WARN_RANGE_LOOP_ANALYSIS = YES;
				CLANG_WARN_STRICT_PROTOTYPES = YES;
				CLANG_WARN_SUSPICIOUS_MOVE = YES;
				CLANG_WARN_UNGUARDED_AVAILABILITY = YES_AGGRESSIVE;
				CLANG_WARN_UNREACHABLE_CODE = YES;
				CLANG_WARN__DUPLICATE_METHOD_MATCH = YES;
				CODE_SIGN_IDENTITY = "iPhone Developer";
				COPY_PHASE_STRIP = NO;
				DEBUG_INFORMATION_FORMAT = "dwarf-with-dsym";
				ENABLE_NS_ASSERTIONS = NO;
				ENABLE_STRICT_OBJC_MSGSEND = YES;
				GCC_C_LANGUAGE_STANDARD = gnu11;
				GCC_NO_COMMON_BLOCKS = YES;
				GCC_WARN_64_TO_32_BIT_CONVERSION = YES;
				GCC_WARN_ABOUT_RETURN_TYPE = YES_ERROR;
				GCC_WARN_UNDECLARED_SELECTOR = YES;
				GCC_WARN_UNINITIALIZED_AUTOS = YES_AGGRESSIVE;
				GCC_WARN_UNUSED_FUNCTION = YES;
				GCC_WARN_UNUSED_VARIABLE = YES;
				IPHONEOS_DEPLOYMENT_TARGET = 12.2;
				MTL_ENABLE_DEBUG_INFO = NO;
				MTL_FAST_MATH = YES;
				SDKROOT = iphoneos;
				SWIFT_COMPILATION_MODE = wholemodule;
				SWIFT_OPTIMIZATION_LEVEL = "-O";
				VALIDATE_PRODUCT = YES;
			};
			name = Release;
		};
		62F0DDEB22B4E37500B64388 /* Debug */ = {
			isa = XCBuildConfiguration;
			buildSettings = {
				ASSETCATALOG_COMPILER_APPICON_NAME = AppIcon;
				CODE_SIGN_STYLE = Automatic;
				DEVELOPMENT_TEAM = PMH442UA74;
				INFOPLIST_FILE = Wongnai/Info.plist;
				LD_RUNPATH_SEARCH_PATHS = (
					"$(inherited)",
					"@executable_path/Frameworks",
				);
				PRODUCT_BUNDLE_IDENTIFIER = com.punyugi.Wongnai;
				PRODUCT_NAME = "$(TARGET_NAME)";
				SWIFT_VERSION = 5.0;
				TARGETED_DEVICE_FAMILY = 1;
			};
			name = Debug;
		};
		62F0DDEC22B4E37500B64388 /* Release */ = {
			isa = XCBuildConfiguration;
			buildSettings = {
				ASSETCATALOG_COMPILER_APPICON_NAME = AppIcon;
				CODE_SIGN_STYLE = Automatic;
				DEVELOPMENT_TEAM = PMH442UA74;
				INFOPLIST_FILE = Wongnai/Info.plist;
				LD_RUNPATH_SEARCH_PATHS = (
					"$(inherited)",
					"@executable_path/Frameworks",
				);
				PRODUCT_BUNDLE_IDENTIFIER = com.punyugi.Wongnai;
				PRODUCT_NAME = "$(TARGET_NAME)";
				SWIFT_VERSION = 5.0;
				TARGETED_DEVICE_FAMILY = 1;
			};
			name = Release;
		};
/* End XCBuildConfiguration section */

/* Begin XCConfigurationList section */
		62F0DDD322B4E37300B64388 /* Build configuration list for PBXProject "Wongnai" */ = {
			isa = XCConfigurationList;
			buildConfigurations = (
				62F0DDE822B4E37500B64388 /* Debug */,
				62F0DDE922B4E37500B64388 /* Release */,
			);
			defaultConfigurationIsVisible = 0;
			defaultConfigurationName = Release;
		};
		62F0DDEA22B4E37500B64388 /* Build configuration list for PBXNativeTarget "Wongnai" */ = {
			isa = XCConfigurationList;
			buildConfigurations = (
				62F0DDEB22B4E37500B64388 /* Debug */,
				62F0DDEC22B4E37500B64388 /* Release */,
			);
			defaultConfigurationIsVisible = 0;
			defaultConfigurationName = Release;
		};
/* End XCConfigurationList section */
	};
	rootObject = 62F0DDD022B4E37300B64388 /* Project object */;
}
