// !$*UTF8*$!
{
	archiveVersion = 1;
	classes = {
	};
	objectVersion = 50;
	objects = {

/* Begin PBXBuildFile section */
		62C7CAB622B8D2C0004DC4DE /* NewIconLabel.swift in Sources */ = {isa = PBXBuildFile; fileRef = 62C7CAB522B8D2C0004DC4DE /* NewIconLabel.swift */; };
		62E73A0C22B6254B008C68E3 /* HomeHeaderCell.swift in Sources */ = {isa = PBXBuildFile; fileRef = 62E73A0B22B6254B008C68E3 /* HomeHeaderCell.swift */; };
		62E73A0E22B6419A008C68E3 /* MenuCell.swift in Sources */ = {isa = PBXBuildFile; fileRef = 62E73A0D22B6419A008C68E3 /* MenuCell.swift */; };
		62F0DDDC22B4E37300B64388 /* AppDelegate.swift in Sources */ = {isa = PBXBuildFile; fileRef = 62F0DDDB22B4E37300B64388 /* AppDelegate.swift */; };
		62F0DDE322B4E37500B64388 /* Assets.xcassets in Resources */ = {isa = PBXBuildFile; fileRef = 62F0DDE222B4E37500B64388 /* Assets.xcassets */; };
		62F0DDE622B4E37500B64388 /* LaunchScreen.storyboard in Resources */ = {isa = PBXBuildFile; fileRef = 62F0DDE422B4E37500B64388 /* LaunchScreen.storyboard */; };
		62F0DDEF22B4E43000B64388 /* MainTabBarController.swift in Sources */ = {isa = PBXBuildFile; fileRef = 62F0DDEE22B4E43000B64388 /* MainTabBarController.swift */; };
		62F0DDF122B4EFA000B64388 /* HomeController.swift in Sources */ = {isa = PBXBuildFile; fileRef = 62F0DDF022B4EFA000B64388 /* HomeController.swift */; };
		62F0DDF422B4FC2B00B64388 /* Extensions+UIView.swift in Sources */ = {isa = PBXBuildFile; fileRef = 62F0DDF322B4FC2B00B64388 /* Extensions+UIView.swift */; };
		62F0DDF622B4FC3500B64388 /* Extensions+UIColor.swift in Sources */ = {isa = PBXBuildFile; fileRef = 62F0DDF522B4FC3500B64388 /* Extensions+UIColor.swift */; };
		62F5271022B776BD0066FD24 /* FirstSectionCell.swift in Sources */ = {isa = PBXBuildFile; fileRef = 62F5270F22B776BD0066FD24 /* FirstSectionCell.swift */; };
		62F5271422B784D90066FD24 /* NearLocationCell.swift in Sources */ = {isa = PBXBuildFile; fileRef = 62F5271322B784D90066FD24 /* NearLocationCell.swift */; };
		62F5271622B78D5D0066FD24 /* NearLandmarkLocationCell.swift in Sources */ = {isa = PBXBuildFile; fileRef = 62F5271522B78D5D0066FD24 /* NearLandmarkLocationCell.swift */; };
		62F5271A22B7A6C20066FD24 /* Extensions+Int.swift in Sources */ = {isa = PBXBuildFile; fileRef = 62F5271922B7A6C20066FD24 /* Extensions+Int.swift */; };
		62F5272022B7B7930066FD24 /* BaseHContentCollectionView.swift in Sources */ = {isa = PBXBuildFile; fileRef = 62F5271F22B7B7930066FD24 /* BaseHContentCollectionView.swift */; };
		62F5272222B7BCD00066FD24 /* NearShop_HitNearCollectionView.swift in Sources */ = {isa = PBXBuildFile; fileRef = 62F5272122B7BCD00066FD24 /* NearShop_HitNearCollectionView.swift */; };
		62F5272722B7C05D0066FD24 /* DontMissCollectionView.swift in Sources */ = {isa = PBXBuildFile; fileRef = 62F5272622B7C05D0066FD24 /* DontMissCollectionView.swift */; };
		62F5272922B7C1CC0066FD24 /* DontMissLocationCell.swift in Sources */ = {isa = PBXBuildFile; fileRef = 62F5272822B7C1CC0066FD24 /* DontMissLocationCell.swift */; };
/* End PBXBuildFile section */

/* Begin PBXFileReference section */
		62C7CAB522B8D2C0004DC4DE /* NewIconLabel.swift */ = {isa = PBXFileReference; lastKnownFileType = sourcecode.swift; path = NewIconLabel.swift; sourceTree = "<group>"; };
		62E73A0B22B6254B008C68E3 /* HomeHeaderCell.swift */ = {isa = PBXFileReference; lastKnownFileType = sourcecode.swift; path = HomeHeaderCell.swift; sourceTree = "<group>"; };
		62E73A0D22B6419A008C68E3 /* MenuCell.swift */ = {isa = PBXFileReference; lastKnownFileType = sourcecode.swift; path = MenuCell.swift; sourceTree = "<group>"; };
		62F0DDD822B4E37300B64388 /* Wongnai.app */ = {isa = PBXFileReference; explicitFileType = wrapper.application; includeInIndex = 0; path = Wongnai.app; sourceTree = BUILT_PRODUCTS_DIR; };
		62F0DDDB22B4E37300B64388 /* AppDelegate.swift */ = {isa = PBXFileReference; lastKnownFileType = sourcecode.swift; path = AppDelegate.swift; sourceTree = "<group>"; };
		62F0DDE222B4E37500B64388 /* Assets.xcassets */ = {isa = PBXFileReference; lastKnownFileType = folder.assetcatalog; path = Assets.xcassets; sourceTree = "<group>"; };
		62F0DDE522B4E37500B64388 /* Base */ = {isa = PBXFileReference; lastKnownFileType = file.storyboard; name = Base; path = Base.lproj/LaunchScreen.storyboard; sourceTree = "<group>"; };
		62F0DDE722B4E37500B64388 /* Info.plist */ = {isa = PBXFileReference; lastKnownFileType = text.plist.xml; path = Info.plist; sourceTree = "<group>"; };
		62F0DDEE22B4E43000B64388 /* MainTabBarController.swift */ = {isa = PBXFileReference; lastKnownFileType = sourcecode.swift; path = MainTabBarController.swift; sourceTree = "<group>"; };
		62F0DDF022B4EFA000B64388 /* HomeController.swift */ = {isa = PBXFileReference; lastKnownFileType = sourcecode.swift; path = HomeController.swift; sourceTree = "<group>"; };
		62F0DDF322B4FC2B00B64388 /* Extensions+UIView.swift */ = {isa = PBXFileReference; fileEncoding = 4; lastKnownFileType = sourcecode.swift; path = "Extensions+UIView.swift"; sourceTree = "<group>"; };
		62F0DDF522B4FC3500B64388 /* Extensions+UIColor.swift */ = {isa = PBXFileReference; fileEncoding = 4; lastKnownFileType = sourcecode.swift; path = "Extensions+UIColor.swift"; sourceTree = "<group>"; };
		62F5270F22B776BD0066FD24 /* FirstSectionCell.swift */ = {isa = PBXFileReference; lastKnownFileType = sourcecode.swift; path = FirstSectionCell.swift; sourceTree = "<group>"; };
		62F5271322B784D90066FD24 /* NearLocationCell.swift */ = {isa = PBXFileReference; lastKnownFileType = sourcecode.swift; path = NearLocationCell.swift; sourceTree = "<group>"; };
		62F5271522B78D5D0066FD24 /* NearLandmarkLocationCell.swift */ = {isa = PBXFileReference; lastKnownFileType = sourcecode.swift; path = NearLandmarkLocationCell.swift; sourceTree = "<group>"; };
		62F5271922B7A6C20066FD24 /* Extensions+Int.swift */ = {isa = PBXFileReference; lastKnownFileType = sourcecode.swift; path = "Extensions+Int.swift"; sourceTree = "<group>"; };
		62F5271F22B7B7930066FD24 /* BaseHContentCollectionView.swift */ = {isa = PBXFileReference; lastKnownFileType = sourcecode.swift; path = BaseHContentCollectionView.swift; sourceTree = "<group>"; };
		62F5272122B7BCD00066FD24 /* NearShop_HitNearCollectionView.swift */ = {isa = PBXFileReference; fileEncoding = 4; lastKnownFileType = sourcecode.swift; path = NearShop_HitNearCollectionView.swift; sourceTree = "<group>"; };
		62F5272622B7C05D0066FD24 /* DontMissCollectionView.swift */ = {isa = PBXFileReference; lastKnownFileType = sourcecode.swift; path = DontMissCollectionView.swift; sourceTree = "<group>"; };
		62F5272822B7C1CC0066FD24 /* DontMissLocationCell.swift */ = {isa = PBXFileReference; lastKnownFileType = sourcecode.swift; path = DontMissLocationCell.swift; sourceTree = "<group>"; };
/* End PBXFileReference section */

/* Begin PBXFrameworksBuildPhase section */
		62F0DDD522B4E37300B64388 /* Frameworks */ = {
			isa = PBXFrameworksBuildPhase;
			buildActionMask = 2147483647;
			files = (
			);
			runOnlyForDeploymentPostprocessing = 0;
		};
/* End PBXFrameworksBuildPhase section */

/* Begin PBXGroup section */
		62E73A0A22B62535008C68E3 /* Views */ = {
			isa = PBXGroup;
			children = (
				62F5271822B790FD0066FD24 /* FirstSection */,
				62F5271722B790E80066FD24 /* HomeHeader */,
			);
			path = Views;
			sourceTree = "<group>";
		};
		62F0DDCF22B4E37300B64388 = {
			isa = PBXGroup;
			children = (
				62F0DDDA22B4E37300B64388 /* Wongnai */,
				62F0DDD922B4E37300B64388 /* Products */,
			);
			sourceTree = "<group>";
		};
		62F0DDD922B4E37300B64388 /* Products */ = {
			isa = PBXGroup;
			children = (
				62F0DDD822B4E37300B64388 /* Wongnai.app */,
			);
			name = Products;
			sourceTree = "<group>";
		};
		62F0DDDA22B4E37300B64388 /* Wongnai */ = {
			isa = PBXGroup;
			children = (
				62E73A0A22B62535008C68E3 /* Views */,
				62F0DDF222B4FBEE00B64388 /* Extensions */,
				62F0DDED22B4E41900B64388 /* Controllers */,
				62F0DDDB22B4E37300B64388 /* AppDelegate.swift */,
				62F0DDE222B4E37500B64388 /* Assets.xcassets */,
				62F0DDE422B4E37500B64388 /* LaunchScreen.storyboard */,
				62F0DDE722B4E37500B64388 /* Info.plist */,
			);
			path = Wongnai;
			sourceTree = "<group>";
		};
		62F0DDED22B4E41900B64388 /* Controllers */ = {
			isa = PBXGroup;
			children = (
				62F0DDEE22B4E43000B64388 /* MainTabBarController.swift */,
				62F0DDF022B4EFA000B64388 /* HomeController.swift */,
			);
			path = Controllers;
			sourceTree = "<group>";
		};
		62F0DDF222B4FBEE00B64388 /* Extensions */ = {
			isa = PBXGroup;
			children = (
				62F0DDF522B4FC3500B64388 /* Extensions+UIColor.swift */,
				62F0DDF322B4FC2B00B64388 /* Extensions+UIView.swift */,
				62F5271922B7A6C20066FD24 /* Extensions+Int.swift */,
			);
			path = Extensions;
			sourceTree = "<group>";
		};
		62F5271722B790E80066FD24 /* HomeHeader */ = {
			isa = PBXGroup;
			children = (
				62E73A0B22B6254B008C68E3 /* HomeHeaderCell.swift */,
				62E73A0D22B6419A008C68E3 /* MenuCell.swift */,
			);
			path = HomeHeader;
			sourceTree = "<group>";
		};
		62F5271822B790FD0066FD24 /* FirstSection */ = {
			isa = PBXGroup;
			children = (
				62F5272522B7BED50066FD24 /* DontMiss */,
				62F5272322B7BD2D0066FD24 /* NearShop_HitNear */,
				62F5270F22B776BD0066FD24 /* FirstSectionCell.swift */,
				62F5271F22B7B7930066FD24 /* BaseHContentCollectionView.swift */,
				62C7CAB522B8D2C0004DC4DE /* NewIconLabel.swift */,
			);
			path = FirstSection;
			sourceTree = "<group>";
		};
		62F5272322B7BD2D0066FD24 /* NearShop_HitNear */ = {
			isa = PBXGroup;
			children = (
				62F5272122B7BCD00066FD24 /* NearShop_HitNearCollectionView.swift */,
				62F5271322B784D90066FD24 /* NearLocationCell.swift */,
				62F5271522B78D5D0066FD24 /* NearLandmarkLocationCell.swift */,
			);
			path = NearShop_HitNear;
			sourceTree = "<group>";
		};
		62F5272522B7BED50066FD24 /* DontMiss */ = {
			isa = PBXGroup;
			children = (
				62F5272622B7C05D0066FD24 /* DontMissCollectionView.swift */,
				62F5272822B7C1CC0066FD24 /* DontMissLocationCell.swift */,
			);
			path = DontMiss;
			sourceTree = "<group>";
		};
/* End PBXGroup section */

/* Begin PBXNativeTarget section */
		62F0DDD722B4E37300B64388 /* Wongnai */ = {
			isa = PBXNativeTarget;
			buildConfigurationList = 62F0DDEA22B4E37500B64388 /* Build configuration list for PBXNativeTarget "Wongnai" */;
			buildPhases = (
				62F0DDD422B4E37300B64388 /* Sources */,
				62F0DDD522B4E37300B64388 /* Frameworks */,
				62F0DDD622B4E37300B64388 /* Resources */,
			);
			buildRules = (
			);
			dependencies = (
			);
			name = Wongnai;
			productName = Wongnai;
			productReference = 62F0DDD822B4E37300B64388 /* Wongnai.app */;
			productType = "com.apple.product-type.application";
		};
/* End PBXNativeTarget section */

/* Begin PBXProject section */
		62F0DDD022B4E37300B64388 /* Project object */ = {
			isa = PBXProject;
			attributes = {
				LastSwiftUpdateCheck = 1020;
				LastUpgradeCheck = 1020;
				ORGANIZATIONNAME = "punyawee jaroentao";
				TargetAttributes = {
					62F0DDD722B4E37300B64388 = {
						CreatedOnToolsVersion = 10.2.1;
					};
				};
			};
			buildConfigurationList = 62F0DDD322B4E37300B64388 /* Build configuration list for PBXProject "Wongnai" */;
			compatibilityVersion = "Xcode 9.3";
			developmentRegion = en;
			hasScannedForEncodings = 0;
			knownRegions = (
				en,
				Base,
			);
			mainGroup = 62F0DDCF22B4E37300B64388;
			productRefGroup = 62F0DDD922B4E37300B64388 /* Products */;
			projectDirPath = "";
			projectRoot = "";
			targets = (
				62F0DDD722B4E37300B64388 /* Wongnai */,
			);
		};
/* End PBXProject section */

/* Begin PBXResourcesBuildPhase section */
		62F0DDD622B4E37300B64388 /* Resources */ = {
			isa = PBXResourcesBuildPhase;
			buildActionMask = 2147483647;
			files = (
				62F0DDE622B4E37500B64388 /* LaunchScreen.storyboard in Resources */,
				62F0DDE322B4E37500B64388 /* Assets.xcassets in Resources */,
			);
			runOnlyForDeploymentPostprocessing = 0;
		};
/* End PBXResourcesBuildPhase section */

/* Begin PBXSourcesBuildPhase section */
		62F0DDD422B4E37300B64388 /* Sources */ = {
			isa = PBXSourcesBuildPhase;
			buildActionMask = 2147483647;
			files = (
				62C7CAB622B8D2C0004DC4DE /* NewIconLabel.swift in Sources */,
				62E73A0E22B6419A008C68E3 /* MenuCell.swift in Sources */,
				62F5272022B7B7930066FD24 /* BaseHContentCollectionView.swift in Sources */,
				62F0DDEF22B4E43000B64388 /* MainTabBarController.swift in Sources */,
				62F5272922B7C1CC0066FD24 /* DontMissLocationCell.swift in Sources */,
				62E73A0C22B6254B008C68E3 /* HomeHeaderCell.swift in Sources */,
				62F0DDDC22B4E37300B64388 /* AppDelegate.swift in Sources */,
				62F5272222B7BCD00066FD24 /* NearShop_HitNearCollectionView.swift in Sources */,
				62F0DDF422B4FC2B00B64388 /* Extensions+UIView.swift in Sources */,
				62F5271622B78D5D0066FD24 /* NearLandmarkLocationCell.swift in Sources */,
				62F5271422B784D90066FD24 /* NearLocationCell.swift in Sources */,
				62F5272722B7C05D0066FD24 /* DontMissCollectionView.swift in Sources */,
				62F0DDF122B4EFA000B64388 /* HomeController.swift in Sources */,
				62F5271A22B7A6C20066FD24 /* Extensions+Int.swift in Sources */,
				62F5271022B776BD0066FD24 /* FirstSectionCell.swift in Sources */,
				62F0DDF622B4FC3500B64388 /* Extensions+UIColor.swift in Sources */,
			);
			runOnlyForDeploymentPostprocessing = 0;
		};
/* End PBXSourcesBuildPhase section */

/* Begin PBXVariantGroup section */
		62F0DDE422B4E37500B64388 /* LaunchScreen.storyboard */ = {
			isa = PBXVariantGroup;
			children = (
				62F0DDE522B4E37500B64388 /* Base */,
			);
			name = LaunchScreen.storyboard;
			sourceTree = "<group>";
		};
/* End PBXVariantGroup section */

/* Begin XCBuildConfiguration section */
		62F0DDE822B4E37500B64388 /* Debug */ = {
			isa = XCBuildConfiguration;
			buildSettings = {
				ALWAYS_SEARCH_USER_PATHS = NO;
				CLANG_ANALYZER_NONNULL = YES;
				CLANG_ANALYZER_NUMBER_OBJECT_CONVERSION = YES_AGGRESSIVE;
				CLANG_CXX_LANGUAGE_STANDARD = "gnu++14";
				CLANG_CXX_LIBRARY = "libc++";
				CLANG_ENABLE_MODULES = YES;
				CLANG_ENABLE_OBJC_ARC = YES;
				CLANG_ENABLE_OBJC_WEAK = YES;
				CLANG_WARN_BLOCK_CAPTURE_AUTORELEASING = YES;
				CLANG_WARN_BOOL_CONVERSION = YES;
				CLANG_WARN_COMMA = YES;
				CLANG_WARN_CONSTANT_CONVERSION = YES;
				CLANG_WARN_DEPRECATED_OBJC_IMPLEMENTATIONS = YES;
				CLANG_WARN_DIRECT_OBJC_ISA_USAGE = YES_ERROR;
				CLANG_WARN_DOCUMENTATION_COMMENTS = YES;
				CLANG_WARN_EMPTY_BODY = YES;
				CLANG_WARN_ENUM_CONVERSION = YES;
				CLANG_WARN_INFINITE_RECURSION = YES;
				CLANG_WARN_INT_CONVERSION = YES;
				CLANG_WARN_NON_LITERAL_NULL_CONVERSION = YES;
				CLANG_WARN_OBJC_IMPLICIT_RETAIN_SELF = YES;
				CLANG_WARN_OBJC_LITERAL_CONVERSION = YES;
				CLANG_WARN_OBJC_ROOT_CLASS = YES_ERROR;
				CLANG_WARN_RANGE_LOOP_ANALYSIS = YES;
				CLANG_WARN_STRICT_PROTOTYPES = YES;
				CLANG_WARN_SUSPICIOUS_MOVE = YES;
				CLANG_WARN_UNGUARDED_AVAILABILITY = YES_AGGRESSIVE;
				CLANG_WARN_UNREACHABLE_CODE = YES;
				CLANG_WARN__DUPLICATE_METHOD_MATCH = YES;
				CODE_SIGN_IDENTITY = "iPhone Developer";
				COPY_PHASE_STRIP = NO;
				DEBUG_INFORMATION_FORMAT = dwarf;
				ENABLE_STRICT_OBJC_MSGSEND = YES;
				ENABLE_TESTABILITY = YES;
				GCC_C_LANGUAGE_STANDARD = gnu11;
				GCC_DYNAMIC_NO_PIC = NO;
				GCC_NO_COMMON_BLOCKS = YES;
				GCC_OPTIMIZATION_LEVEL = 0;
				GCC_PREPROCESSOR_DEFINITIONS = (
					"DEBUG=1",
					"$(inherited)",
				);
				GCC_WARN_64_TO_32_BIT_CONVERSION = YES;
				GCC_WARN_ABOUT_RETURN_TYPE = YES_ERROR;
				GCC_WARN_UNDECLARED_SELECTOR = YES;
				GCC_WARN_UNINITIALIZED_AUTOS = YES_AGGRESSIVE;
				GCC_WARN_UNUSED_FUNCTION = YES;
				GCC_WARN_UNUSED_VARIABLE = YES;
				IPHONEOS_DEPLOYMENT_TARGET = 12.2;
				MTL_ENABLE_DEBUG_INFO = INCLUDE_SOURCE;
				MTL_FAST_MATH = YES;
				ONLY_ACTIVE_ARCH = YES;
				SDKROOT = iphoneos;
				SWIFT_ACTIVE_COMPILATION_CONDITIONS = DEBUG;
				SWIFT_OPTIMIZATION_LEVEL = "-Onone";
			};
			name = Debug;
		};
		62F0DDE922B4E37500B64388 /* Release */ = {
			isa = XCBuildConfiguration;
			buildSettings = {
				ALWAYS_SEARCH_USER_PATHS = NO;
				CLANG_ANALYZER_NONNULL = YES;
				CLANG_ANALYZER_NUMBER_OBJECT_CONVERSION = YES_AGGRESSIVE;
				CLANG_CXX_LANGUAGE_STANDARD = "gnu++14";
				CLANG_CXX_LIBRARY = "libc++";
				CLANG_ENABLE_MODULES = YES;
				CLANG_ENABLE_OBJC_ARC = YES;
				CLANG_ENABLE_OBJC_WEAK = YES;
				CLANG_WARN_BLOCK_CAPTURE_AUTORELEASING = YES;
				CLANG_WARN_BOOL_CONVERSION = YES;
				CLANG_WARN_COMMA = YES;
				CLANG_WARN_CONSTANT_CONVERSION = YES;
				CLANG_WARN_DEPRECATED_OBJC_IMPLEMENTATIONS = YES;
				CLANG_WARN_DIRECT_OBJC_ISA_USAGE = YES_ERROR;
				CLANG_WARN_DOCUMENTATION_COMMENTS = YES;
				CLANG_WARN_EMPTY_BODY = YES;
				CLANG_WARN_ENUM_CONVERSION = YES;
				CLANG_WARN_INFINITE_RECURSION = YES;
				CLANG_WARN_INT_CONVERSION = YES;
				CLANG_WARN_NON_LITERAL_NULL_CONVERSION = YES;
				CLANG_WARN_OBJC_IMPLICIT_RETAIN_SELF = YES;
				CLANG_WARN_OBJC_LITERAL_CONVERSION = YES;
				CLANG_WARN_OBJC_ROOT_CLASS = YES_ERROR;
				CLANG_WARN_RANGE_LOOP_ANALYSIS = YES;
				CLANG_WARN_STRICT_PROTOTYPES = YES;
				CLANG_WARN_SUSPICIOUS_MOVE = YES;
				CLANG_WARN_UNGUARDED_AVAILABILITY = YES_AGGRESSIVE;
				CLANG_WARN_UNREACHABLE_CODE = YES;
				CLANG_WARN__DUPLICATE_METHOD_MATCH = YES;
				CODE_SIGN_IDENTITY = "iPhone Developer";
				COPY_PHASE_STRIP = NO;
				DEBUG_INFORMATION_FORMAT = "dwarf-with-dsym";
				ENABLE_NS_ASSERTIONS = NO;
				ENABLE_STRICT_OBJC_MSGSEND = YES;
				GCC_C_LANGUAGE_STANDARD = gnu11;
				GCC_NO_COMMON_BLOCKS = YES;
				GCC_WARN_64_TO_32_BIT_CONVERSION = YES;
				GCC_WARN_ABOUT_RETURN_TYPE = YES_ERROR;
				GCC_WARN_UNDECLARED_SELECTOR = YES;
				GCC_WARN_UNINITIALIZED_AUTOS = YES_AGGRESSIVE;
				GCC_WARN_UNUSED_FUNCTION = YES;
				GCC_WARN_UNUSED_VARIABLE = YES;
				IPHONEOS_DEPLOYMENT_TARGET = 12.2;
				MTL_ENABLE_DEBUG_INFO = NO;
				MTL_FAST_MATH = YES;
				SDKROOT = iphoneos;
				SWIFT_COMPILATION_MODE = wholemodule;
				SWIFT_OPTIMIZATION_LEVEL = "-O";
				VALIDATE_PRODUCT = YES;
			};
			name = Release;
		};
		62F0DDEB22B4E37500B64388 /* Debug */ = {
			isa = XCBuildConfiguration;
			buildSettings = {
				ASSETCATALOG_COMPILER_APPICON_NAME = AppIcon;
				CODE_SIGN_STYLE = Automatic;
				DEVELOPMENT_TEAM = PMH442UA74;
				INFOPLIST_FILE = Wongnai/Info.plist;
				LD_RUNPATH_SEARCH_PATHS = (
					"$(inherited)",
					"@executable_path/Frameworks",
				);
				PRODUCT_BUNDLE_IDENTIFIER = com.punyugi.Wongnai;
				PRODUCT_NAME = "$(TARGET_NAME)";
				SWIFT_VERSION = 5.0;
				TARGETED_DEVICE_FAMILY = 1;
			};
			name = Debug;
		};
		62F0DDEC22B4E37500B64388 /* Release */ = {
			isa = XCBuildConfiguration;
			buildSettings = {
				ASSETCATALOG_COMPILER_APPICON_NAME = AppIcon;
				CODE_SIGN_STYLE = Automatic;
				DEVELOPMENT_TEAM = PMH442UA74;
				INFOPLIST_FILE = Wongnai/Info.plist;
				LD_RUNPATH_SEARCH_PATHS = (
					"$(inherited)",
					"@executable_path/Frameworks",
				);
				PRODUCT_BUNDLE_IDENTIFIER = com.punyugi.Wongnai;
				PRODUCT_NAME = "$(TARGET_NAME)";
				SWIFT_VERSION = 5.0;
				TARGETED_DEVICE_FAMILY = 1;
			};
			name = Release;
		};
/* End XCBuildConfiguration section */

/* Begin XCConfigurationList section */
		62F0DDD322B4E37300B64388 /* Build configuration list for PBXProject "Wongnai" */ = {
			isa = XCConfigurationList;
			buildConfigurations = (
				62F0DDE822B4E37500B64388 /* Debug */,
				62F0DDE922B4E37500B64388 /* Release */,
			);
			defaultConfigurationIsVisible = 0;
			defaultConfigurationName = Release;
		};
		62F0DDEA22B4E37500B64388 /* Build configuration list for PBXNativeTarget "Wongnai" */ = {
			isa = XCConfigurationList;
			buildConfigurations = (
				62F0DDEB22B4E37500B64388 /* Debug */,
				62F0DDEC22B4E37500B64388 /* Release */,
			);
			defaultConfigurationIsVisible = 0;
			defaultConfigurationName = Release;
		};
/* End XCConfigurationList section */
	};
	rootObject = 62F0DDD022B4E37300B64388 /* Project object */;
}
